{
    "version": 3,
    "terraform_version": "0.11.10",
    "serial": 2,
    "lineage": "560e283c-1f8d-45d1-6c3d-fe58ffe518e2",
    "modules": [
        {
            "path": [
                "root"
            ],
            "outputs": {},
            "resources": {
                "aws_internet_gateway.My_VPC_GW": {
                    "type": "aws_internet_gateway",
                    "depends_on": [
                        "aws_vpc.My_VPC"
                    ],
                    "primary": {
                        "id": "igw-0e5a7420b2e71c75d",
                        "attributes": {
                            "id": "igw-0e5a7420b2e71c75d",
                            "owner_id": "002838516900",
                            "tags.%": "1",
                            "tags.Name": "My VPC Internet Gateway",
                            "vpc_id": "vpc-0fc05866e1a7bf00b"
                        },
                        "meta": {},
                        "tainted": false
                    },
                    "deposed": [],
                    "provider": "provider.aws"
                },
                "aws_network_acl.My_VPC_Security_ACL": {
                    "type": "aws_network_acl",
                    "depends_on": [
                        "aws_subnet.My_VPC_Subnet",
                        "aws_vpc.My_VPC"
                    ],
                    "primary": {
                        "id": "acl-09afa94b1d201c187",
                        "attributes": {
                            "egress.#": "1",
                            "egress.2323985334.action": "allow",
                            "egress.2323985334.cidr_block": "0.0.0.0/0",
                            "egress.2323985334.from_port": "1024",
                            "egress.2323985334.icmp_code": "0",
                            "egress.2323985334.icmp_type": "0",
                            "egress.2323985334.ipv6_cidr_block": "",
                            "egress.2323985334.protocol": "6",
                            "egress.2323985334.rule_no": "100",
                            "egress.2323985334.to_port": "65535",
                            "id": "acl-09afa94b1d201c187",
                            "ingress.#": "2",
                            "ingress.557895879.action": "allow",
                            "ingress.557895879.cidr_block": "0.0.0.0/0",
                            "ingress.557895879.from_port": "22",
                            "ingress.557895879.icmp_code": "0",
                            "ingress.557895879.icmp_type": "0",
                            "ingress.557895879.ipv6_cidr_block": "",
                            "ingress.557895879.protocol": "6",
                            "ingress.557895879.rule_no": "100",
                            "ingress.557895879.to_port": "22",
                            "ingress.957423221.action": "allow",
                            "ingress.957423221.cidr_block": "0.0.0.0/0",
                            "ingress.957423221.from_port": "1024",
                            "ingress.957423221.icmp_code": "0",
                            "ingress.957423221.icmp_type": "0",
                            "ingress.957423221.ipv6_cidr_block": "",
                            "ingress.957423221.protocol": "6",
                            "ingress.957423221.rule_no": "200",
                            "ingress.957423221.to_port": "65535",
                            "owner_id": "002838516900",
                            "subnet_ids.#": "1",
                            "subnet_ids.2347233517": "subnet-090b37c1e91a5f7cc",
                            "tags.%": "1",
                            "tags.Name": "My VPC ACL",
                            "vpc_id": "vpc-0fc05866e1a7bf00b"
                        },
                        "meta": {},
                        "tainted": false
                    },
                    "deposed": [],
                    "provider": "provider.aws"
                },
                "aws_route.My_VPC_internet_access": {
                    "type": "aws_route",
                    "depends_on": [
                        "aws_internet_gateway.My_VPC_GW",
                        "aws_route_table.My_VPC_route_table"
                    ],
                    "primary": {
                        "id": "r-rtb-087e50e312f743eb01080289494",
                        "attributes": {
                            "destination_cidr_block": "0.0.0.0/0",
                            "destination_prefix_list_id": "",
                            "egress_only_gateway_id": "",
                            "gateway_id": "igw-0e5a7420b2e71c75d",
                            "id": "r-rtb-087e50e312f743eb01080289494",
                            "instance_id": "",
                            "instance_owner_id": "",
                            "nat_gateway_id": "",
                            "network_interface_id": "",
                            "origin": "CreateRoute",
                            "route_table_id": "rtb-087e50e312f743eb0",
                            "state": "active",
                            "transit_gateway_id": "",
                            "vpc_peering_connection_id": ""
                        },
                        "meta": {
                            "e2bfb730-ecaa-11e6-8f88-34363bc7c4c0": {
                                "create": 120000000000,
                                "delete": 300000000000
                            }
                        },
                        "tainted": false
                    },
                    "deposed": [],
                    "provider": "provider.aws"
                },
                "aws_route_table.My_VPC_route_table": {
                    "type": "aws_route_table",
                    "depends_on": [
                        "aws_vpc.My_VPC"
                    ],
                    "primary": {
                        "id": "rtb-087e50e312f743eb0",
                        "attributes": {
                            "id": "rtb-087e50e312f743eb0",
                            "owner_id": "002838516900",
                            "propagating_vgws.#": "0",
                            "route.#": "0",
                            "tags.%": "1",
                            "tags.Name": "My VPC Route Table",
                            "vpc_id": "vpc-0fc05866e1a7bf00b"
                        },
                        "meta": {},
                        "tainted": false
                    },
                    "deposed": [],
                    "provider": "provider.aws"
                },
                "aws_route_table_association.My_VPC_association": {
                    "type": "aws_route_table_association",
                    "depends_on": [
                        "aws_route_table.My_VPC_route_table",
                        "aws_subnet.My_VPC_Subnet"
                    ],
                    "primary": {
                        "id": "rtbassoc-05af2fb24f92d1d95",
                        "attributes": {
                            "id": "rtbassoc-05af2fb24f92d1d95",
                            "route_table_id": "rtb-087e50e312f743eb0",
                            "subnet_id": "subnet-090b37c1e91a5f7cc"
                        },
                        "meta": {},
                        "tainted": false
                    },
                    "deposed": [],
                    "provider": "provider.aws"
                },
                "aws_security_group.My_VPC_Security_Group": {
                    "type": "aws_security_group",
                    "depends_on": [
                        "aws_vpc.My_VPC"
                    ],
                    "primary": {
                        "id": "sg-0ca555d4fa12bc666",
                        "attributes": {
                            "arn": "arn:aws:ec2:us-east-1:002838516900:security-group/sg-0ca555d4fa12bc666",
                            "description": "My VPC Security Group",
                            "egress.#": "0",
                            "id": "sg-0ca555d4fa12bc666",
                            "ingress.#": "1",
                            "ingress.2541437006.cidr_blocks.#": "1",
                            "ingress.2541437006.cidr_blocks.0": "0.0.0.0/0",
                            "ingress.2541437006.description": "",
                            "ingress.2541437006.from_port": "22",
                            "ingress.2541437006.ipv6_cidr_blocks.#": "0",
                            "ingress.2541437006.prefix_list_ids.#": "0",
                            "ingress.2541437006.protocol": "tcp",
                            "ingress.2541437006.security_groups.#": "0",
                            "ingress.2541437006.self": "false",
                            "ingress.2541437006.to_port": "22",
                            "name": "My VPC Security Group",
                            "owner_id": "002838516900",
                            "revoke_rules_on_delete": "false",
                            "tags.%": "1",
                            "tags.Name": "My VPC Security Group",
                            "vpc_id": "vpc-0fc05866e1a7bf00b"
                        },
                        "meta": {
                            "e2bfb730-ecaa-11e6-8f88-34363bc7c4c0": {
                                "create": 600000000000,
                                "delete": 600000000000
                            },
                            "schema_version": "1"
                        },
                        "tainted": false
                    },
                    "deposed": [],
                    "provider": "provider.aws"
                },
                "aws_subnet.My_VPC_Subnet": {
                    "type": "aws_subnet",
                    "depends_on": [
                        "aws_vpc.My_VPC"
                    ],
                    "primary": {
                        "id": "subnet-090b37c1e91a5f7cc",
                        "attributes": {
                            "arn": "arn:aws:ec2:us-east-1:002838516900:subnet/subnet-090b37c1e91a5f7cc",
                            "assign_ipv6_address_on_creation": "false",
                            "availability_zone": "us-east-1a",
                            "availability_zone_id": "use1-az2",
                            "cidr_block": "10.0.1.0/24",
                            "id": "subnet-090b37c1e91a5f7cc",
                            "ipv6_cidr_block": "",
                            "ipv6_cidr_block_association_id": "",
                            "map_public_ip_on_launch": "true",
                            "owner_id": "002838516900",
                            "tags.%": "1",
                            "tags.Name": "My VPC Subnet",
                            "vpc_id": "vpc-0fc05866e1a7bf00b"
                        },
                        "meta": {
                            "e2bfb730-ecaa-11e6-8f88-34363bc7c4c0": {
                                "create": 600000000000,
                                "delete": 600000000000
                            },
                            "schema_version": "1"
                        },
                        "tainted": false
                    },
                    "deposed": [],
                    "provider": "provider.aws"
                },
                "aws_vpc.My_VPC": {
                    "type": "aws_vpc",
                    "depends_on": [],
                    "primary": {
                        "id": "vpc-0fc05866e1a7bf00b",
                        "attributes": {
                            "arn": "arn:aws:ec2:us-east-1:002838516900:vpc/vpc-0fc05866e1a7bf00b",
                            "assign_generated_ipv6_cidr_block": "false",
                            "cidr_block": "10.0.0.0/16",
                            "default_network_acl_id": "acl-04f28772e36c8c34e",
                            "default_route_table_id": "rtb-002db2d1726ffd807",
                            "default_security_group_id": "sg-095c68c2c808a0242",
                            "dhcp_options_id": "dopt-cfe14faa",
                            "enable_classiclink": "false",
                            "enable_classiclink_dns_support": "false",
                            "enable_dns_hostnames": "true",
                            "enable_dns_support": "true",
                            "id": "vpc-0fc05866e1a7bf00b",
                            "instance_tenancy": "default",
                            "ipv6_association_id": "",
                            "ipv6_cidr_block": "",
                            "main_route_table_id": "rtb-002db2d1726ffd807",
                            "owner_id": "002838516900",
                            "tags.%": "1",
                            "tags.Name": "My VPC"
                        },
                        "meta": {
                            "schema_version": "1"
                        },
                        "tainted": false
                    },
                    "deposed": [],
                    "provider": "provider.aws"
                }
            },
            "depends_on": []
        }
    ]
}
